
Microsoft Visual Studio Solution File, Format Version 12.00
# Visual Studio Version 16
VisualStudioVersion = 16.0.31702.278
MinimumVisualStudioVersion = 10.0.40219.1
Project("{FAE04EC0-301F-11D3-BF4B-00C04F79EFBC}") = "TodoAPI", "TodoAPI.csproj", "{FA410A61-F699-4797-8AA0-521C7E7C79E4}"
EndProject
Global
	GlobalSection(SolutionConfigurationPlatforms) = preSolution
		Debug|Any CPU = Debug|Any CPU
		Release|Any CPU = Release|Any CPU
	EndGlobalSection
	GlobalSection(ProjectConfigurationPlatforms) = postSolution
		{FA410A61-F699-4797-8AA0-521C7E7C79E4}.Debug|Any CPU.ActiveCfg = Debug|Any CPU
		{FA410A61-F699-4797-8AA0-521C7E7C79E4}.Debug|Any CPU.Build.0 = Debug|Any CPU
		{FA410A61-F699-4797-8AA0-521C7E7C79E4}.Release|Any CPU.ActiveCfg = Release|Any CPU
		{FA410A61-F699-4797-8AA0-521C7E7C79E4}.Release|Any CPU.Build.0 = Release|Any CPU
	EndGlobalSection
	GlobalSection(SolutionProperties) = preSolution
		HideSolutionNode = FALSE
	EndGlobalSection
	GlobalSection(ExtensibilityGlobals) = postSolution
		SolutionGuid = {D0CCFF45-A9CD-40FE-9FA8-01E9064E2797}
	EndGlobalSection
EndGlobal
